
Microsoft Visual Studio Solution File, Format Version 12.00
# Visual Studio Version 17
VisualStudioVersion = 17.11.35312.102
MinimumVisualStudioVersion = 10.0.40219.1
Project("{FAE04EC0-301F-11D3-BF4B-00C04F79EFBC}") = "ToDoList", "ToDoList\ToDoList.csproj", "{979DCD1D-359F-42B9-A95D-4F98D6182375}"
EndProject
Global
	GlobalSection(SolutionConfigurationPlatforms) = preSolution
		Debug|Any CPU = Debug|Any CPU
		Release|Any CPU = Release|Any CPU
	EndGlobalSection
	GlobalSection(ProjectConfigurationPlatforms) = postSolution
		{979DCD1D-359F-42B9-A95D-4F98D6182375}.Debug|Any CPU.ActiveCfg = Debug|Any CPU
		{979DCD1D-359F-42B9-A95D-4F98D6182375}.Debug|Any CPU.Build.0 = Debug|Any CPU
		{979DCD1D-359F-42B9-A95D-4F98D6182375}.Release|Any CPU.ActiveCfg = Release|Any CPU
		{979DCD1D-359F-42B9-A95D-4F98D6182375}.Release|Any CPU.Build.0 = Release|Any CPU
	EndGlobalSection
	GlobalSection(SolutionProperties) = preSolution
		HideSolutionNode = FALSE
	EndGlobalSection
	GlobalSection(ExtensibilityGlobals) = postSolution
		SolutionGuid = {8F1E17B4-F42B-41D6-B7D5-6079F70A5988}
	EndGlobalSection
EndGlobal
